
Microsoft Visual Studio Solution File, Format Version 12.00
# Visual Studio Version 16
VisualStudioVersion = 16.0.29324.140
MinimumVisualStudioVersion = 10.0.40219.1
Project("{FAE04EC0-301F-11D3-BF4B-00C04F79EFBC}") = "Map_Sample.UWP", "Map_Sample\Map_Sample.UWP\Map_Sample.UWP.csproj", "{0B33C468-E968-43C1-9D53-590D88674A98}"
EndProject
Project("{FAE04EC0-301F-11D3-BF4B-00C04F79EFBC}") = "Map_Sample.Android", "Map_Sample\Map_Sample.Android\Map_Sample.Android.csproj", "{77D1AECA-ED78-4AB9-AF67-DF2A39E3EBB5}"
EndProject
Project("{FAE04EC0-301F-11D3-BF4B-00C04F79EFBC}") = "Map_Sample.iOS", "Map_Sample\Map_Sample.iOS\Map_Sample.iOS.csproj", "{902EC675-5DB6-4317-BD41-0C5510649A67}"
EndProject
Project("{FAE04EC0-301F-11D3-BF4B-00C04F79EFBC}") = "Map_Sample", "Map_Sample\Map_Sample\Map_Sample.csproj", "{B3F2CE02-D624-4694-9FDF-AA6581F79E1D}"
EndProject
Global
	GlobalSection(SolutionConfigurationPlatforms) = preSolution
		Debug|Any CPU = Debug|Any CPU
		Debug|ARM = Debug|ARM
		Debug|iPhone = Debug|iPhone
		Debug|iPhoneSimulator = Debug|iPhoneSimulator
		Debug|x64 = Debug|x64
		Debug|x86 = Debug|x86
		Release|Any CPU = Release|Any CPU
		Release|ARM = Release|ARM
		Release|iPhone = Release|iPhone
		Release|iPhoneSimulator = Release|iPhoneSimulator
		Release|x64 = Release|x64
		Release|x86 = Release|x86
	EndGlobalSection
	GlobalSection(ProjectConfigurationPlatforms) = postSolution
		{0B33C468-E968-43C1-9D53-590D88674A98}.Debug|Any CPU.ActiveCfg = Debug|x86
		{0B33C468-E968-43C1-9D53-590D88674A98}.Debug|Any CPU.Build.0 = Debug|x86
		{0B33C468-E968-43C1-9D53-590D88674A98}.Debug|Any CPU.Deploy.0 = Debug|x86
		{0B33C468-E968-43C1-9D53-590D88674A98}.Debug|ARM.ActiveCfg = Debug|ARM
		{0B33C468-E968-43C1-9D53-590D88674A98}.Debug|ARM.Build.0 = Debug|ARM
		{0B33C468-E968-43C1-9D53-590D88674A98}.Debug|ARM.Deploy.0 = Debug|ARM
		{0B33C468-E968-43C1-9D53-590D88674A98}.Debug|iPhone.ActiveCfg = Debug|x86
		{0B33C468-E968-43C1-9D53-590D88674A98}.Debug|iPhone.Build.0 = Debug|x86
		{0B33C468-E968-43C1-9D53-590D88674A98}.Debug|iPhone.Deploy.0 = Debug|x86
		{0B33C468-E968-43C1-9D53-590D88674A98}.Debug|iPhoneSimulator.ActiveCfg = Debug|x86
		{0B33C468-E968-43C1-9D53-590D88674A98}.Debug|iPhoneSimulator.Build.0 = Debug|x86
		{0B33C468-E968-43C1-9D53-590D88674A98}.Debug|iPhoneSimulator.Deploy.0 = Debug|x86
		{0B33C468-E968-43C1-9D53-590D88674A98}.Debug|x64.ActiveCfg = Debug|x64
		{0B33C468-E968-43C1-9D53-590D88674A98}.Debug|x64.Build.0 = Debug|x64
		{0B33C468-E968-43C1-9D53-590D88674A98}.Debug|x64.Deploy.0 = Debug|x64
		{0B33C468-E968-43C1-9D53-590D88674A98}.Debug|x86.ActiveCfg = Debug|x86
		{0B33C468-E968-43C1-9D53-590D88674A98}.Debug|x86.Build.0 = Debug|x86
		{0B33C468-E968-43C1-9D53-590D88674A98}.Debug|x86.Deploy.0 = Debug|x86
		{0B33C468-E968-43C1-9D53-590D88674A98}.Release|Any CPU.ActiveCfg = Release|x86
		{0B33C468-E968-43C1-9D53-590D88674A98}.Release|Any CPU.Build.0 = Release|x86
		{0B33C468-E968-43C1-9D53-590D88674A98}.Release|Any CPU.Deploy.0 = Release|x86
		{0B33C468-E968-43C1-9D53-590D88674A98}.Release|ARM.ActiveCfg = Release|ARM
		{0B33C468-E968-43C1-9D53-590D88674A98}.Release|ARM.Build.0 = Release|ARM
		{0B33C468-E968-43C1-9D53-590D88674A98}.Release|ARM.Deploy.0 = Release|ARM
		{0B33C468-E968-43C1-9D53-590D88674A98}.Release|iPhone.ActiveCfg = Release|x86
		{0B33C468-E968-43C1-9D53-590D88674A98}.Release|iPhone.Build.0 = Release|x86
		{0B33C468-E968-43C1-9D53-590D88674A98}.Release|iPhone.Deploy.0 = Release|x86
		{0B33C468-E968-43C1-9D53-590D88674A98}.Release|iPhoneSimulator.ActiveCfg = Release|x86
		{0B33C468-E968-43C1-9D53-590D88674A98}.Release|iPhoneSimulator.Build.0 = Release|x86
		{0B33C468-E968-43C1-9D53-590D88674A98}.Release|iPhoneSimulator.Deploy.0 = Release|x86
		{0B33C468-E968-43C1-9D53-590D88674A98}.Release|x64.ActiveCfg = Release|x64
		{0B33C468-E968-43C1-9D53-590D88674A98}.Release|x64.Build.0 = Release|x64
		{0B33C468-E968-43C1-9D53-590D88674A98}.Release|x64.Deploy.0 = Release|x64
		{0B33C468-E968-43C1-9D53-590D88674A98}.Release|x86.ActiveCfg = Release|x86
		{0B33C468-E968-43C1-9D53-590D88674A98}.Release|x86.Build.0 = Release|x86
		{0B33C468-E968-43C1-9D53-590D88674A98}.Release|x86.Deploy.0 = Release|x86
		{77D1AECA-ED78-4AB9-AF67-DF2A39E3EBB5}.Debug|Any CPU.ActiveCfg = Debug|Any CPU
		{77D1AECA-ED78-4AB9-AF67-DF2A39E3EBB5}.Debug|Any CPU.Build.0 = Debug|Any CPU
		{77D1AECA-ED78-4AB9-AF67-DF2A39E3EBB5}.Debug|Any CPU.Deploy.0 = Debug|Any CPU
		{77D1AECA-ED78-4AB9-AF67-DF2A39E3EBB5}.Debug|ARM.ActiveCfg = Debug|Any CPU
		{77D1AECA-ED78-4AB9-AF67-DF2A39E3EBB5}.Debug|ARM.Build.0 = Debug|Any CPU
		{77D1AECA-ED78-4AB9-AF67-DF2A39E3EBB5}.Debug|ARM.Deploy.0 = Debug|Any CPU
		{77D1AECA-ED78-4AB9-AF67-DF2A39E3EBB5}.Debug|iPhone.ActiveCfg = Debug|Any CPU
		{77D1AECA-ED78-4AB9-AF67-DF2A39E3EBB5}.Debug|iPhone.Build.0 = Debug|Any CPU
		{77D1AECA-ED78-4AB9-AF67-DF2A39E3EBB5}.Debug|iPhone.Deploy.0 = Debug|Any CPU
		{77D1AECA-ED78-4AB9-AF67-DF2A39E3EBB5}.Debug|iPhoneSimulator.ActiveCfg = Debug|Any CPU
		{77D1AECA-ED78-4AB9-AF67-DF2A39E3EBB5}.Debug|iPhoneSimulator.Build.0 = Debug|Any CPU
		{77D1AECA-ED78-4AB9-AF67-DF2A39E3EBB5}.Debug|iPhoneSimulator.Deploy.0 = Debug|Any CPU
		{77D1AECA-ED78-4AB9-AF67-DF2A39E3EBB5}.Debug|x64.ActiveCfg = Debug|Any CPU
		{77D1AECA-ED78-4AB9-AF67-DF2A39E3EBB5}.Debug|x64.Build.0 = Debug|Any CPU
		{77D1AECA-ED78-4AB9-AF67-DF2A39E3EBB5}.Debug|x64.Deploy.0 = Debug|Any CPU
		{77D1AECA-ED78-4AB9-AF67-DF2A39E3EBB5}.Debug|x86.ActiveCfg = Debug|Any CPU
		{77D1AECA-ED78-4AB9-AF67-DF2A39E3EBB5}.Debug|x86.Build.0 = Debug|Any CPU
		{77D1AECA-ED78-4AB9-AF67-DF2A39E3EBB5}.Debug|x86.Deploy.0 = Debug|Any CPU
		{77D1AECA-ED78-4AB9-AF67-DF2A39E3EBB5}.Release|Any CPU.ActiveCfg = Release|Any CPU
		{77D1AECA-ED78-4AB9-AF67-DF2A39E3EBB5}.Release|Any CPU.Build.0 = Release|Any CPU
		{77D1AECA-ED78-4AB9-AF67-DF2A39E3EBB5}.Release|Any CPU.Deploy.0 = Release|Any CPU
		{77D1AECA-ED78-4AB9-AF67-DF2A39E3EBB5}.Release|ARM.ActiveCfg = Release|Any CPU
		{77D1AECA-ED78-4AB9-AF67-DF2A39E3EBB5}.Release|ARM.Build.0 = Release|Any CPU
		{77D1AECA-ED78-4AB9-AF67-DF2A39E3EBB5}.Release|ARM.Deploy.0 = Release|Any CPU
		{77D1AECA-ED78-4AB9-AF67-DF2A39E3EBB5}.Release|iPhone.ActiveCfg = Release|Any CPU
		{77D1AECA-ED78-4AB9-AF67-DF2A39E3EBB5}.Release|iPhone.Build.0 = Release|Any CPU
		{77D1AECA-ED78-4AB9-AF67-DF2A39E3EBB5}.Release|iPhone.Deploy.0 = Release|Any CPU
		{77D1AECA-ED78-4AB9-AF67-DF2A39E3EBB5}.Release|iPhoneSimulator.ActiveCfg = Release|Any CPU
		{77D1AECA-ED78-4AB9-AF67-DF2A39E3EBB5}.Release|iPhoneSimulator.Build.0 = Release|Any CPU
		{77D1AECA-ED78-4AB9-AF67-DF2A39E3EBB5}.Release|iPhoneSimulator.Deploy.0 = Release|Any CPU
		{77D1AECA-ED78-4AB9-AF67-DF2A39E3EBB5}.Release|x64.ActiveCfg = Release|Any CPU
		{77D1AECA-ED78-4AB9-AF67-DF2A39E3EBB5}.Release|x64.Build.0 = Release|Any CPU
		{77D1AECA-ED78-4AB9-AF67-DF2A39E3EBB5}.Release|x64.Deploy.0 = Release|Any CPU
		{77D1AECA-ED78-4AB9-AF67-DF2A39E3EBB5}.Release|x86.ActiveCfg = Release|Any CPU
		{77D1AECA-ED78-4AB9-AF67-DF2A39E3EBB5}.Release|x86.Build.0 = Release|Any CPU
		{77D1AECA-ED78-4AB9-AF67-DF2A39E3EBB5}.Release|x86.Deploy.0 = Release|Any CPU
		{902EC675-5DB6-4317-BD41-0C5510649A67}.Debug|Any CPU.ActiveCfg = Debug|iPhone
		{902EC675-5DB6-4317-BD41-0C5510649A67}.Debug|Any CPU.Build.0 = Debug|iPhone
		{902EC675-5DB6-4317-BD41-0C5510649A67}.Debug|Any CPU.Deploy.0 = Debug|iPhone
		{902EC675-5DB6-4317-BD41-0C5510649A67}.Debug|ARM.ActiveCfg = Debug|iPhoneSimulator
		{902EC675-5DB6-4317-BD41-0C5510649A67}.Debug|ARM.Build.0 = Debug|iPhoneSimulator
		{902EC675-5DB6-4317-BD41-0C5510649A67}.Debug|ARM.Deploy.0 = Debug|iPhoneSimulator
		{902EC675-5DB6-4317-BD41-0C5510649A67}.Debug|iPhone.ActiveCfg = Debug|iPhone
		{902EC675-5DB6-4317-BD41-0C5510649A67}.Debug|iPhone.Build.0 = Debug|iPhone
		{902EC675-5DB6-4317-BD41-0C5510649A67}.Debug|iPhone.Deploy.0 = Debug|iPhone
		{902EC675-5DB6-4317-BD41-0C5510649A67}.Debug|iPhoneSimulator.ActiveCfg = Debug|iPhoneSimulator
		{902EC675-5DB6-4317-BD41-0C5510649A67}.Debug|iPhoneSimulator.Build.0 = Debug|iPhoneSimulator
		{902EC675-5DB6-4317-BD41-0C5510649A67}.Debug|iPhoneSimulator.Deploy.0 = Debug|iPhoneSimulator
		{902EC675-5DB6-4317-BD41-0C5510649A67}.Debug|x64.ActiveCfg = Debug|iPhone
		{902EC675-5DB6-4317-BD41-0C5510649A67}.Debug|x64.Build.0 = Debug|iPhone
		{902EC675-5DB6-4317-BD41-0C5510649A67}.Debug|x64.Deploy.0 = Debug|iPhone
		{902EC675-5DB6-4317-BD41-0C5510649A67}.Debug|x86.ActiveCfg = Debug|iPhone
		{902EC675-5DB6-4317-BD41-0C5510649A67}.Debug|x86.Build.0 = Debug|iPhone
		{902EC675-5DB6-4317-BD41-0C5510649A67}.Debug|x86.Deploy.0 = Debug|iPhone
		{902EC675-5DB6-4317-BD41-0C5510649A67}.Release|Any CPU.ActiveCfg = Release|iPhone
		{902EC675-5DB6-4317-BD41-0C5510649A67}.Release|Any CPU.Build.0 = Release|iPhone
		{902EC675-5DB6-4317-BD41-0C5510649A67}.Release|Any CPU.Deploy.0 = Release|iPhone
		{902EC675-5DB6-4317-BD41-0C5510649A67}.Release|ARM.ActiveCfg = Release|iPhone
		{902EC675-5DB6-4317-BD41-0C5510649A67}.Release|ARM.Build.0 = Release|iPhone
		{902EC675-5DB6-4317-BD41-0C5510649A67}.Release|ARM.Deploy.0 = Release|iPhone
		{902EC675-5DB6-4317-BD41-0C5510649A67}.Release|iPhone.ActiveCfg = Release|iPhone
		{902EC675-5DB6-4317-BD41-0C5510649A67}.Release|iPhone.Build.0 = Release|iPhone
		{902EC675-5DB6-4317-BD41-0C5510649A67}.Release|iPhone.Deploy.0 = Release|iPhone
		{902EC675-5DB6-4317-BD41-0C5510649A67}.Release|iPhoneSimulator.ActiveCfg = Release|iPhoneSimulator
		{902EC675-5DB6-4317-BD41-0C5510649A67}.Release|iPhoneSimulator.Build.0 = Release|iPhoneSimulator
		{902EC675-5DB6-4317-BD41-0C5510649A67}.Release|iPhoneSimulator.Deploy.0 = Release|iPhoneSimulator
		{902EC675-5DB6-4317-BD41-0C5510649A67}.Release|x64.ActiveCfg = Release|iPhone
		{902EC675-5DB6-4317-BD41-0C5510649A67}.Release|x64.Build.0 = Release|iPhone
		{902EC675-5DB6-4317-BD41-0C5510649A67}.Release|x64.Deploy.0 = Release|iPhone
		{902EC675-5DB6-4317-BD41-0C5510649A67}.Release|x86.ActiveCfg = Release|iPhone
		{902EC675-5DB6-4317-BD41-0C5510649A67}.Release|x86.Build.0 = Release|iPhone
		{902EC675-5DB6-4317-BD41-0C5510649A67}.Release|x86.Deploy.0 = Release|iPhone
		{B3F2CE02-D624-4694-9FDF-AA6581F79E1D}.Debug|Any CPU.ActiveCfg = Debug|Any CPU
		{B3F2CE02-D624-4694-9FDF-AA6581F79E1D}.Debug|Any CPU.Build.0 = Debug|Any CPU
		{B3F2CE02-D624-4694-9FDF-AA6581F79E1D}.Debug|Any CPU.Deploy.0 = Debug|Any CPU
		{B3F2CE02-D624-4694-9FDF-AA6581F79E1D}.Debug|ARM.ActiveCfg = Debug|Any CPU
		{B3F2CE02-D624-4694-9FDF-AA6581F79E1D}.Debug|ARM.Build.0 = Debug|Any CPU
		{B3F2CE02-D624-4694-9FDF-AA6581F79E1D}.Debug|ARM.Deploy.0 = Debug|Any CPU
		{B3F2CE02-D624-4694-9FDF-AA6581F79E1D}.Debug|iPhone.ActiveCfg = Debug|Any CPU
		{B3F2CE02-D624-4694-9FDF-AA6581F79E1D}.Debug|iPhone.Build.0 = Debug|Any CPU
		{B3F2CE02-D624-4694-9FDF-AA6581F79E1D}.Debug|iPhone.Deploy.0 = Debug|Any CPU
		{B3F2CE02-D624-4694-9FDF-AA6581F79E1D}.Debug|iPhoneSimulator.ActiveCfg = Debug|Any CPU
		{B3F2CE02-D624-4694-9FDF-AA6581F79E1D}.Debug|iPhoneSimulator.Build.0 = Debug|Any CPU
		{B3F2CE02-D624-4694-9FDF-AA6581F79E1D}.Debug|iPhoneSimulator.Deploy.0 = Debug|Any CPU
		{B3F2CE02-D624-4694-9FDF-AA6581F79E1D}.Debug|x64.ActiveCfg = Debug|Any CPU
		{B3F2CE02-D624-4694-9FDF-AA6581F79E1D}.Debug|x64.Build.0 = Debug|Any CPU
		{B3F2CE02-D624-4694-9FDF-AA6581F79E1D}.Debug|x64.Deploy.0 = Debug|Any CPU
		{B3F2CE02-D624-4694-9FDF-AA6581F79E1D}.Debug|x86.ActiveCfg = Debug|Any CPU
		{B3F2CE02-D624-4694-9FDF-AA6581F79E1D}.Debug|x86.Build.0 = Debug|Any CPU
		{B3F2CE02-D624-4694-9FDF-AA6581F79E1D}.Debug|x86.Deploy.0 = Debug|Any CPU
		{B3F2CE02-D624-4694-9FDF-AA6581F79E1D}.Release|Any CPU.ActiveCfg = Release|Any CPU
		{B3F2CE02-D624-4694-9FDF-AA6581F79E1D}.Release|Any CPU.Build.0 = Release|Any CPU
		{B3F2CE02-D624-4694-9FDF-AA6581F79E1D}.Release|Any CPU.Deploy.0 = Release|Any CPU
		{B3F2CE02-D624-4694-9FDF-AA6581F79E1D}.Release|ARM.ActiveCfg = Release|Any CPU
		{B3F2CE02-D624-4694-9FDF-AA6581F79E1D}.Release|ARM.Build.0 = Release|Any CPU
		{B3F2CE02-D624-4694-9FDF-AA6581F79E1D}.Release|ARM.Deploy.0 = Release|Any CPU
		{B3F2CE02-D624-4694-9FDF-AA6581F79E1D}.Release|iPhone.ActiveCfg = Release|Any CPU
		{B3F2CE02-D624-4694-9FDF-AA6581F79E1D}.Release|iPhone.Build.0 = Release|Any CPU
		{B3F2CE02-D624-4694-9FDF-AA6581F79E1D}.Release|iPhone.Deploy.0 = Release|Any CPU
		{B3F2CE02-D624-4694-9FDF-AA6581F79E1D}.Release|iPhoneSimulator.ActiveCfg = Release|Any CPU
		{B3F2CE02-D624-4694-9FDF-AA6581F79E1D}.Release|iPhoneSimulator.Build.0 = Release|Any CPU
		{B3F2CE02-D624-4694-9FDF-AA6581F79E1D}.Release|iPhoneSimulator.Deploy.0 = Release|Any CPU
		{B3F2CE02-D624-4694-9FDF-AA6581F79E1D}.Release|x64.ActiveCfg = Release|Any CPU
		{B3F2CE02-D624-4694-9FDF-AA6581F79E1D}.Release|x64.Build.0 = Release|Any CPU
		{B3F2CE02-D624-4694-9FDF-AA6581F79E1D}.Release|x64.Deploy.0 = Release|Any CPU
		{B3F2CE02-D624-4694-9FDF-AA6581F79E1D}.Release|x86.ActiveCfg = Release|Any CPU
		{B3F2CE02-D624-4694-9FDF-AA6581F79E1D}.Release|x86.Build.0 = Release|Any CPU
		{B3F2CE02-D624-4694-9FDF-AA6581F79E1D}.Release|x86.Deploy.0 = Release|Any CPU
	EndGlobalSection
	GlobalSection(SolutionProperties) = preSolution
		HideSolutionNode = FALSE
	EndGlobalSection
	GlobalSection(ExtensibilityGlobals) = postSolution
		SolutionGuid = {BCC5B30C-AEEC-4902-B297-4FD9A36FA760}
	EndGlobalSection
EndGlobal
